<?xml version="1.0" encoding="UTF-8" standalone="yes" ?>
<CodeBlocks_project_file>
	<FileVersion major="1" minor="6" />
	<Project>
		<Option title="uuid" />
		<Option pch_mode="2" />
		<Option compiler="gcc" />
		<Build>
			<Target title="test_Debug.exe">
				<Option output="test_Debug" prefix_auto="1" extension_auto="1" />
				<Option object_output="obj/Debug/" />
				<Option type="1" />
				<Option compiler="gcc" />
				<Compiler>
					<Add option="-g" />
				</Compiler>
			</Target>
			<Target title="test_release.exe">
				<Option output="test_release" prefix_auto="1" extension_auto="1" />
				<Option object_output="obj/Release/" />
				<Option type="1" />
				<Option compiler="gcc" />
				<Compiler>
					<Add option="-O2" />
				</Compiler>
				<Linker>
					<Add option="-s" />
				</Linker>
			</Target>
			<Target title="libuuid.a">
				<Option output="uuid" prefix_auto="1" extension_auto="1" />
				<Option working_dir="" />
				<Option type="2" />
				<Option compiler="gcc" />
				<Option createDefFile="1" />
			</Target>
		</Build>
		<VirtualTargets>
			<Add alias="ALL" targets="test_Debug.exe;test_release.exe;libuuid.a;" />
		</VirtualTargets>
		<Compiler>
			<Add option="-Wall" />
			<Add option="-fexceptions" />
		</Compiler>
		<Unit filename="test_uuid.cpp">
			<Option target="test_Debug.exe" />
			<Option target="test_release.exe" />
		</Unit>
		<Unit filename="uuid4.c">
			<Option compilerVar="CC" />
		</Unit>
		<Unit filename="uuid4.h" />
		<Extensions>
			<code_completion />
			<envvars />
			<debugger />
			<lib_finder disable_auto="1" />
		</Extensions>
	</Project>
</CodeBlocks_project_file>
